
Microsoft Visual Studio Solution File, Format Version 12.00
# Visual Studio Version 16
VisualStudioVersion = 16.0.810.22
MinimumVisualStudioVersion = 10.0.40219.1
Project("{FAE04EC0-301F-11D3-BF4B-00C04F79EFBC}") = "Roshambo_Lab", "Roshambo_Lab\Roshambo_Lab.csproj", "{D6D770C7-6BDE-4F92-B215-7C8EF5FA291B}"
EndProject
Global
	GlobalSection(SolutionConfigurationPlatforms) = preSolution
		Debug|Any CPU = Debug|Any CPU
		Release|Any CPU = Release|Any CPU
	EndGlobalSection
	GlobalSection(ProjectConfigurationPlatforms) = postSolution
		{D6D770C7-6BDE-4F92-B215-7C8EF5FA291B}.Debug|Any CPU.ActiveCfg = Debug|Any CPU
		{D6D770C7-6BDE-4F92-B215-7C8EF5FA291B}.Debug|Any CPU.Build.0 = Debug|Any CPU
		{D6D770C7-6BDE-4F92-B215-7C8EF5FA291B}.Release|Any CPU.ActiveCfg = Release|Any CPU
		{D6D770C7-6BDE-4F92-B215-7C8EF5FA291B}.Release|Any CPU.Build.0 = Release|Any CPU
	EndGlobalSection
	GlobalSection(SolutionProperties) = preSolution
		HideSolutionNode = FALSE
	EndGlobalSection
	GlobalSection(ExtensibilityGlobals) = postSolution
		SolutionGuid = {1221FD58-4C15-4F0A-88ED-66CD6229BF05}
	EndGlobalSection
EndGlobal
